// !$*UTF8*$!
{
	archiveVersion = 1;
	classes = {
	};
	objectVersion = 50;
	objects = {

/* Begin PBXBuildFile section */
		CCB99261230A773100B618A0 /* PodTestObjectiveC.h in Headers */ = {isa = PBXBuildFile; fileRef = CCB9925F230A773000B618A0 /* PodTestObjectiveC.h */; settings = {ATTRIBUTES = (Public, ); }; };
		CCB9926F230A782E00B618A0 /* AppDelegate.m in Sources */ = {isa = PBXBuildFile; fileRef = CCB9926E230A782E00B618A0 /* AppDelegate.m */; };
		CCB99272230A782E00B618A0 /* ViewController.m in Sources */ = {isa = PBXBuildFile; fileRef = CCB99271230A782E00B618A0 /* ViewController.m */; };
		CCB99275230A782E00B618A0 /* Main.storyboard in Resources */ = {isa = PBXBuildFile; fileRef = CCB99273230A782E00B618A0 /* Main.storyboard */; };
		CCB99277230A784A00B618A0 /* Assets.xcassets in Resources */ = {isa = PBXBuildFile; fileRef = CCB99276230A784A00B618A0 /* Assets.xcassets */; };
		CCB9927A230A784A00B618A0 /* LaunchScreen.storyboard in Resources */ = {isa = PBXBuildFile; fileRef = CCB99278230A784A00B618A0 /* LaunchScreen.storyboard */; };
		CCB9927D230A784A00B618A0 /* main.m in Sources */ = {isa = PBXBuildFile; fileRef = CCB9927C230A784A00B618A0 /* main.m */; };
		CCB99283230A7DC800B618A0 /* TestVC.h in Headers */ = {isa = PBXBuildFile; fileRef = CCB99281230A7DC800B618A0 /* TestVC.h */; };
		CCB99284230A7DC800B618A0 /* TestVC.m in Sources */ = {isa = PBXBuildFile; fileRef = CCB99282230A7DC800B618A0 /* TestVC.m */; };
/* End PBXBuildFile section */

/* Begin PBXFileReference section */
		CCB9925C230A773000B618A0 /* PodTestObjectiveC.framework */ = {isa = PBXFileReference; explicitFileType = wrapper.framework; includeInIndex = 0; path = PodTestObjectiveC.framework; sourceTree = BUILT_PRODUCTS_DIR; };
		CCB9925F230A773000B618A0 /* PodTestObjectiveC.h */ = {isa = PBXFileReference; lastKnownFileType = sourcecode.c.h; path = PodTestObjectiveC.h; sourceTree = "<group>"; };
		CCB99260230A773100B618A0 /* Info.plist */ = {isa = PBXFileReference; lastKnownFileType = text.plist.xml; path = Info.plist; sourceTree = "<group>"; };
		CCB9926B230A782D00B618A0 /* PodTestObjectiveCExample.app */ = {isa = PBXFileReference; explicitFileType = wrapper.application; includeInIndex = 0; path = PodTestObjectiveCExample.app; sourceTree = BUILT_PRODUCTS_DIR; };
		CCB9926D230A782E00B618A0 /* AppDelegate.h */ = {isa = PBXFileReference; lastKnownFileType = sourcecode.c.h; path = AppDelegate.h; sourceTree = "<group>"; };
		CCB9926E230A782E00B618A0 /* AppDelegate.m */ = {isa = PBXFileReference; lastKnownFileType = sourcecode.c.objc; path = AppDelegate.m; sourceTree = "<group>"; };
		CCB99270230A782E00B618A0 /* ViewController.h */ = {isa = PBXFileReference; lastKnownFileType = sourcecode.c.h; path = ViewController.h; sourceTree = "<group>"; };
		CCB99271230A782E00B618A0 /* ViewController.m */ = {isa = PBXFileReference; lastKnownFileType = sourcecode.c.objc; path = ViewController.m; sourceTree = "<group>"; };
		CCB99274230A782E00B618A0 /* Base */ = {isa = PBXFileReference; lastKnownFileType = file.storyboard; name = Base; path = Base.lproj/Main.storyboard; sourceTree = "<group>"; };
		CCB99276230A784A00B618A0 /* Assets.xcassets */ = {isa = PBXFileReference; lastKnownFileType = folder.assetcatalog; path = Assets.xcassets; sourceTree = "<group>"; };
		CCB99279230A784A00B618A0 /* Base */ = {isa = PBXFileReference; lastKnownFileType = file.storyboard; name = Base; path = Base.lproj/LaunchScreen.storyboard; sourceTree = "<group>"; };
		CCB9927B230A784A00B618A0 /* Info.plist */ = {isa = PBXFileReference; lastKnownFileType = text.plist.xml; path = Info.plist; sourceTree = "<group>"; };
		CCB9927C230A784A00B618A0 /* main.m */ = {isa = PBXFileReference; lastKnownFileType = sourcecode.c.objc; path = main.m; sourceTree = "<group>"; };
		CCB99281230A7DC800B618A0 /* TestVC.h */ = {isa = PBXFileReference; lastKnownFileType = sourcecode.c.h; path = TestVC.h; sourceTree = "<group>"; };
		CCB99282230A7DC800B618A0 /* TestVC.m */ = {isa = PBXFileReference; lastKnownFileType = sourcecode.c.objc; path = TestVC.m; sourceTree = "<group>"; };
/* End PBXFileReference section */

/* Begin PBXFrameworksBuildPhase section */
		CCB99259230A773000B618A0 /* Frameworks */ = {
			isa = PBXFrameworksBuildPhase;
			buildActionMask = 2147483647;
			files = (
			);
			runOnlyForDeploymentPostprocessing = 0;
		};
		CCB99268230A782D00B618A0 /* Frameworks */ = {
			isa = PBXFrameworksBuildPhase;
			buildActionMask = 2147483647;
			files = (
			);
			runOnlyForDeploymentPostprocessing = 0;
		};
/* End PBXFrameworksBuildPhase section */

/* Begin PBXGroup section */
		CCB99252230A772E00B618A0 = {
			isa = PBXGroup;
			children = (
				CCB9925E230A773000B618A0 /* PodTestObjectiveC */,
				CCB9926C230A782E00B618A0 /* PodTestObjectiveCExample */,
				CCB9925D230A773000B618A0 /* Products */,
			);
			sourceTree = "<group>";
		};
		CCB9925D230A773000B618A0 /* Products */ = {
			isa = PBXGroup;
			children = (
				CCB9925C230A773000B618A0 /* PodTestObjectiveC.framework */,
				CCB9926B230A782D00B618A0 /* PodTestObjectiveCExample.app */,
			);
			name = Products;
			sourceTree = "<group>";
		};
		CCB9925E230A773000B618A0 /* PodTestObjectiveC */ = {
			isa = PBXGroup;
			children = (
				CCB9925F230A773000B618A0 /* PodTestObjectiveC.h */,
				CCB99260230A773100B618A0 /* Info.plist */,
				CCB99281230A7DC800B618A0 /* TestVC.h */,
				CCB99282230A7DC800B618A0 /* TestVC.m */,
			);
			path = PodTestObjectiveC;
			sourceTree = "<group>";
		};
		CCB9926C230A782E00B618A0 /* PodTestObjectiveCExample */ = {
			isa = PBXGroup;
			children = (
				CCB9926D230A782E00B618A0 /* AppDelegate.h */,
				CCB9926E230A782E00B618A0 /* AppDelegate.m */,
				CCB99270230A782E00B618A0 /* ViewController.h */,
				CCB99271230A782E00B618A0 /* ViewController.m */,
				CCB99273230A782E00B618A0 /* Main.storyboard */,
				CCB99276230A784A00B618A0 /* Assets.xcassets */,
				CCB99278230A784A00B618A0 /* LaunchScreen.storyboard */,
				CCB9927B230A784A00B618A0 /* Info.plist */,
				CCB9927C230A784A00B618A0 /* main.m */,
			);
			path = PodTestObjectiveCExample;
			sourceTree = "<group>";
		};
/* End PBXGroup section */

/* Begin PBXHeadersBuildPhase section */
		CCB99257230A773000B618A0 /* Headers */ = {
			isa = PBXHeadersBuildPhase;
			buildActionMask = 2147483647;
			files = (
				CCB99261230A773100B618A0 /* PodTestObjectiveC.h in Headers */,
				CCB99283230A7DC800B618A0 /* TestVC.h in Headers */,
			);
			runOnlyForDeploymentPostprocessing = 0;
		};
/* End PBXHeadersBuildPhase section */

/* Begin PBXNativeTarget section */
		CCB9925B230A773000B618A0 /* PodTestObjectiveC */ = {
			isa = PBXNativeTarget;
			buildConfigurationList = CCB99264230A773100B618A0 /* Build configuration list for PBXNativeTarget "PodTestObjectiveC" */;
			buildPhases = (
				CCB99257230A773000B618A0 /* Headers */,
				CCB99258230A773000B618A0 /* Sources */,
				CCB99259230A773000B618A0 /* Frameworks */,
				CCB9925A230A773000B618A0 /* Resources */,
			);
			buildRules = (
			);
			dependencies = (
			);
			name = PodTestObjectiveC;
			productName = PodTestObjectiveC;
			productReference = CCB9925C230A773000B618A0 /* PodTestObjectiveC.framework */;
			productType = "com.apple.product-type.framework";
		};
		CCB9926A230A782D00B618A0 /* PodTestObjectiveCExample */ = {
			isa = PBXNativeTarget;
			buildConfigurationList = CCB9927E230A784A00B618A0 /* Build configuration list for PBXNativeTarget "PodTestObjectiveCExample" */;
			buildPhases = (
				CCB99267230A782D00B618A0 /* Sources */,
				CCB99268230A782D00B618A0 /* Frameworks */,
				CCB99269230A782D00B618A0 /* Resources */,
			);
			buildRules = (
			);
			dependencies = (
			);
			name = PodTestObjectiveCExample;
			productName = PodTestObjectiveCExample;
			productReference = CCB9926B230A782D00B618A0 /* PodTestObjectiveCExample.app */;
			productType = "com.apple.product-type.application";
		};
/* End PBXNativeTarget section */

/* Begin PBXProject section */
		CCB99253230A772E00B618A0 /* Project object */ = {
			isa = PBXProject;
			attributes = {
				LastUpgradeCheck = 1010;
				ORGANIZATIONNAME = "etech-dev";
				TargetAttributes = {
					CCB9925B230A773000B618A0 = {
						CreatedOnToolsVersion = 10.1;
					};
					CCB9926A230A782D00B618A0 = {
						CreatedOnToolsVersion = 10.1;
					};
				};
			};
			buildConfigurationList = CCB99256230A772E00B618A0 /* Build configuration list for PBXProject "PodTestObjectiveC" */;
			compatibilityVersion = "Xcode 9.3";
			developmentRegion = en;
			hasScannedForEncodings = 0;
			knownRegions = (
				en,
				Base,
			);
			mainGroup = CCB99252230A772E00B618A0;
			productRefGroup = CCB9925D230A773000B618A0 /* Products */;
			projectDirPath = "";
			projectRoot = "";
			targets = (
				CCB9925B230A773000B618A0 /* PodTestObjectiveC */,
				CCB9926A230A782D00B618A0 /* PodTestObjectiveCExample */,
			);
		};
/* End PBXProject section */

/* Begin PBXResourcesBuildPhase section */
		CCB9925A230A773000B618A0 /* Resources */ = {
			isa = PBXResourcesBuildPhase;
			buildActionMask = 2147483647;
			files = (
			);
			runOnlyForDeploymentPostprocessing = 0;
		};
		CCB99269230A782D00B618A0 /* Resources */ = {
			isa = PBXResourcesBuildPhase;
			buildActionMask = 2147483647;
			files = (
				CCB9927A230A784A00B618A0 /* LaunchScreen.storyboard in Resources */,
				CCB99277230A784A00B618A0 /* Assets.xcassets in Resources */,
				CCB99275230A782E00B618A0 /* Main.storyboard in Resources */,
			);
			runOnlyForDeploymentPostprocessing = 0;
		};
/* End PBXResourcesBuildPhase section */

/* Begin PBXSourcesBuildPhase section */
		CCB99258230A773000B618A0 /* Sources */ = {
			isa = PBXSourcesBuildPhase;
			buildActionMask = 2147483647;
			files = (
				CCB99284230A7DC800B618A0 /* TestVC.m in Sources */,
			);
			runOnlyForDeploymentPostprocessing = 0;
		};
		CCB99267230A782D00B618A0 /* Sources */ = {
			isa = PBXSourcesBuildPhase;
			buildActionMask = 2147483647;
			files = (
				CCB99272230A782E00B618A0 /* ViewController.m in Sources */,
				CCB9927D230A784A00B618A0 /* main.m in Sources */,
				CCB9926F230A782E00B618A0 /* AppDelegate.m in Sources */,
			);
			runOnlyForDeploymentPostprocessing = 0;
		};
/* End PBXSourcesBuildPhase section */

/* Begin PBXVariantGroup section */
		CCB99273230A782E00B618A0 /* Main.storyboard */ = {
			isa = PBXVariantGroup;
			children = (
				CCB99274230A782E00B618A0 /* Base */,
			);
			name = Main.storyboard;
			sourceTree = "<group>";
		};
		CCB99278230A784A00B618A0 /* LaunchScreen.storyboard */ = {
			isa = PBXVariantGroup;
			children = (
				CCB99279230A784A00B618A0 /* Base */,
			);
			name = LaunchScreen.storyboard;
			sourceTree = "<group>";
		};
/* End PBXVariantGroup section */

/* Begin XCBuildConfiguration section */
		CCB99262230A773100B618A0 /* Debug */ = {
			isa = XCBuildConfiguration;
			buildSettings = {
				ALWAYS_SEARCH_USER_PATHS = NO;
				CLANG_ANALYZER_NONNULL = YES;
				CLANG_ANALYZER_NUMBER_OBJECT_CONVERSION = YES_AGGRESSIVE;
				CLANG_CXX_LANGUAGE_STANDARD = "gnu++14";
				CLANG_CXX_LIBRARY = "libc++";
				CLANG_ENABLE_MODULES = YES;
				CLANG_ENABLE_OBJC_ARC = YES;
				CLANG_ENABLE_OBJC_WEAK = YES;
				CLANG_WARN_BLOCK_CAPTURE_AUTORELEASING = YES;
				CLANG_WARN_BOOL_CONVERSION = YES;
				CLANG_WARN_COMMA = YES;
				CLANG_WARN_CONSTANT_CONVERSION = YES;
				CLANG_WARN_DEPRECATED_OBJC_IMPLEMENTATIONS = YES;
				CLANG_WARN_DIRECT_OBJC_ISA_USAGE = YES_ERROR;
				CLANG_WARN_DOCUMENTATION_COMMENTS = YES;
				CLANG_WARN_EMPTY_BODY = YES;
				CLANG_WARN_ENUM_CONVERSION = YES;
				CLANG_WARN_INFINITE_RECURSION = YES;
				CLANG_WARN_INT_CONVERSION = YES;
				CLANG_WARN_NON_LITERAL_NULL_CONVERSION = YES;
				CLANG_WARN_OBJC_IMPLICIT_RETAIN_SELF = YES;
				CLANG_WARN_OBJC_LITERAL_CONVERSION = YES;
				CLANG_WARN_OBJC_ROOT_CLASS = YES_ERROR;
				CLANG_WARN_RANGE_LOOP_ANALYSIS = YES;
				CLANG_WARN_STRICT_PROTOTYPES = YES;
				CLANG_WARN_SUSPICIOUS_MOVE = YES;
				CLANG_WARN_UNGUARDED_AVAILABILITY = YES_AGGRESSIVE;
				CLANG_WARN_UNREACHABLE_CODE = YES;
				CLANG_WARN__DUPLICATE_METHOD_MATCH = YES;
				CODE_SIGN_IDENTITY = "iPhone Developer";
				COPY_PHASE_STRIP = NO;
				CURRENT_PROJECT_VERSION = 1;
				DEBUG_INFORMATION_FORMAT = dwarf;
				ENABLE_STRICT_OBJC_MSGSEND = YES;
				ENABLE_TESTABILITY = YES;
				GCC_C_LANGUAGE_STANDARD = gnu11;
				GCC_DYNAMIC_NO_PIC = NO;
				GCC_NO_COMMON_BLOCKS = YES;
				GCC_OPTIMIZATION_LEVEL = 0;
				GCC_PREPROCESSOR_DEFINITIONS = (
					"DEBUG=1",
					"$(inherited)",
				);
				GCC_WARN_64_TO_32_BIT_CONVERSION = YES;
				GCC_WARN_ABOUT_RETURN_TYPE = YES_ERROR;
				GCC_WARN_UNDECLARED_SELECTOR = YES;
				GCC_WARN_UNINITIALIZED_AUTOS = YES_AGGRESSIVE;
				GCC_WARN_UNUSED_FUNCTION = YES;
				GCC_WARN_UNUSED_VARIABLE = YES;
				IPHONEOS_DEPLOYMENT_TARGET = 12.1;
				MTL_ENABLE_DEBUG_INFO = INCLUDE_SOURCE;
				MTL_FAST_MATH = YES;
				ONLY_ACTIVE_ARCH = YES;
				SDKROOT = iphoneos;
				VERSIONING_SYSTEM = "apple-generic";
				VERSION_INFO_PREFIX = "";
			};
			name = Debug;
		};
		CCB99263230A773100B618A0 /* Release */ = {
			isa = XCBuildConfiguration;
			buildSettings = {
				ALWAYS_SEARCH_USER_PATHS = NO;
				CLANG_ANALYZER_NONNULL = YES;
				CLANG_ANALYZER_NUMBER_OBJECT_CONVERSION = YES_AGGRESSIVE;
				CLANG_CXX_LANGUAGE_STANDARD = "gnu++14";
				CLANG_CXX_LIBRARY = "libc++";
				CLANG_ENABLE_MODULES = YES;
				CLANG_ENABLE_OBJC_ARC = YES;
				CLANG_ENABLE_OBJC_WEAK = YES;
				CLANG_WARN_BLOCK_CAPTURE_AUTORELEASING = YES;
				CLANG_WARN_BOOL_CONVERSION = YES;
				CLANG_WARN_COMMA = YES;
				CLANG_WARN_CONSTANT_CONVERSION = YES;
				CLANG_WARN_DEPRECATED_OBJC_IMPLEMENTATIONS = YES;
				CLANG_WARN_DIRECT_OBJC_ISA_USAGE = YES_ERROR;
				CLANG_WARN_DOCUMENTATION_COMMENTS = YES;
				CLANG_WARN_EMPTY_BODY = YES;
				CLANG_WARN_ENUM_CONVERSION = YES;
				CLANG_WARN_INFINITE_RECURSION = YES;
				CLANG_WARN_INT_CONVERSION = YES;
				CLANG_WARN_NON_LITERAL_NULL_CONVERSION = YES;
				CLANG_WARN_OBJC_IMPLICIT_RETAIN_SELF = YES;
				CLANG_WARN_OBJC_LITERAL_CONVERSION = YES;
				CLANG_WARN_OBJC_ROOT_CLASS = YES_ERROR;
				CLANG_WARN_RANGE_LOOP_ANALYSIS = YES;
				CLANG_WARN_STRICT_PROTOTYPES = YES;
				CLANG_WARN_SUSPICIOUS_MOVE = YES;
				CLANG_WARN_UNGUARDED_AVAILABILITY = YES_AGGRESSIVE;
				CLANG_WARN_UNREACHABLE_CODE = YES;
				CLANG_WARN__DUPLICATE_METHOD_MATCH = YES;
				CODE_SIGN_IDENTITY = "iPhone Developer";
				COPY_PHASE_STRIP = NO;
				CURRENT_PROJECT_VERSION = 1;
				DEBUG_INFORMATION_FORMAT = "dwarf-with-dsym";
				ENABLE_NS_ASSERTIONS = NO;
				ENABLE_STRICT_OBJC_MSGSEND = YES;
				GCC_C_LANGUAGE_STANDARD = gnu11;
				GCC_NO_COMMON_BLOCKS = YES;
				GCC_WARN_64_TO_32_BIT_CONVERSION = YES;
				GCC_WARN_ABOUT_RETURN_TYPE = YES_ERROR;
				GCC_WARN_UNDECLARED_SELECTOR = YES;
				GCC_WARN_UNINITIALIZED_AUTOS = YES_AGGRESSIVE;
				GCC_WARN_UNUSED_FUNCTION = YES;
				GCC_WARN_UNUSED_VARIABLE = YES;
				IPHONEOS_DEPLOYMENT_TARGET = 12.1;
				MTL_ENABLE_DEBUG_INFO = NO;
				MTL_FAST_MATH = YES;
				SDKROOT = iphoneos;
				VALIDATE_PRODUCT = YES;
				VERSIONING_SYSTEM = "apple-generic";
				VERSION_INFO_PREFIX = "";
			};
			name = Release;
		};
		CCB99265230A773100B618A0 /* Debug */ = {
			isa = XCBuildConfiguration;
			buildSettings = {
				CODE_SIGN_IDENTITY = "";
				CODE_SIGN_STYLE = Automatic;
				DEFINES_MODULE = YES;
				DYLIB_COMPATIBILITY_VERSION = 1;
				DYLIB_CURRENT_VERSION = 1;
				DYLIB_INSTALL_NAME_BASE = "@rpath";
				INFOPLIST_FILE = PodTestObjectiveC/Info.plist;
				INSTALL_PATH = "$(LOCAL_LIBRARY_DIR)/Frameworks";
				LD_RUNPATH_SEARCH_PATHS = (
					"$(inherited)",
					"@executable_path/Frameworks",
					"@loader_path/Frameworks",
				);
				PRODUCT_BUNDLE_IDENTIFIER = etech.PodTestObjectiveC;
				PRODUCT_NAME = "$(TARGET_NAME:c99extidentifier)";
				SKIP_INSTALL = YES;
				TARGETED_DEVICE_FAMILY = "1,2";
			};
			name = Debug;
		};
		CCB99266230A773100B618A0 /* Release */ = {
			isa = XCBuildConfiguration;
			buildSettings = {
				CODE_SIGN_IDENTITY = "";
				CODE_SIGN_STYLE = Automatic;
				DEFINES_MODULE = YES;
				DYLIB_COMPATIBILITY_VERSION = 1;
				DYLIB_CURRENT_VERSION = 1;
				DYLIB_INSTALL_NAME_BASE = "@rpath";
				INFOPLIST_FILE = PodTestObjectiveC/Info.plist;
				INSTALL_PATH = "$(LOCAL_LIBRARY_DIR)/Frameworks";
				LD_RUNPATH_SEARCH_PATHS = (
					"$(inherited)",
					"@executable_path/Frameworks",
					"@loader_path/Frameworks",
				);
				PRODUCT_BUNDLE_IDENTIFIER = etech.PodTestObjectiveC;
				PRODUCT_NAME = "$(TARGET_NAME:c99extidentifier)";
				SKIP_INSTALL = YES;
				TARGETED_DEVICE_FAMILY = "1,2";
			};
			name = Release;
		};
		CCB9927F230A784A00B618A0 /* Debug */ = {
			isa = XCBuildConfiguration;
			buildSettings = {
				ASSETCATALOG_COMPILER_APPICON_NAME = AppIcon;
				CODE_SIGN_STYLE = Automatic;
				INFOPLIST_FILE = PodTestObjectiveCExample/Info.plist;
				LD_RUNPATH_SEARCH_PATHS = (
					"$(inherited)",
					"@executable_path/Frameworks",
				);
				PRODUCT_BUNDLE_IDENTIFIER = etech.PodTestObjectiveCExample;
				PRODUCT_NAME = "$(TARGET_NAME)";
				TARGETED_DEVICE_FAMILY = "1,2";
			};
			name = Debug;
		};
		CCB99280230A784A00B618A0 /* Release */ = {
			isa = XCBuildConfiguration;
			buildSettings = {
				ASSETCATALOG_COMPILER_APPICON_NAME = AppIcon;
				CODE_SIGN_STYLE = Automatic;
				INFOPLIST_FILE = PodTestObjectiveCExample/Info.plist;
				LD_RUNPATH_SEARCH_PATHS = (
					"$(inherited)",
					"@executable_path/Frameworks",
				);
				PRODUCT_BUNDLE_IDENTIFIER = etech.PodTestObjectiveCExample;
				PRODUCT_NAME = "$(TARGET_NAME)";
				TARGETED_DEVICE_FAMILY = "1,2";
			};
			name = Release;
		};
/* End XCBuildConfiguration section */

/* Begin XCConfigurationList section */
		CCB99256230A772E00B618A0 /* Build configuration list for PBXProject "PodTestObjectiveC" */ = {
			isa = XCConfigurationList;
			buildConfigurations = (
				CCB99262230A773100B618A0 /* Debug */,
				CCB99263230A773100B618A0 /* Release */,
			);
			defaultConfigurationIsVisible = 0;
			defaultConfigurationName = Release;
		};
		CCB99264230A773100B618A0 /* Build configuration list for PBXNativeTarget "PodTestObjectiveC" */ = {
			isa = XCConfigurationList;
			buildConfigurations = (
				CCB99265230A773100B618A0 /* Debug */,
				CCB99266230A773100B618A0 /* Release */,
			);
			defaultConfigurationIsVisible = 0;
			defaultConfigurationName = Release;
		};
		CCB9927E230A784A00B618A0 /* Build configuration list for PBXNativeTarget "PodTestObjectiveCExample" */ = {
			isa = XCConfigurationList;
			buildConfigurations = (
				CCB9927F230A784A00B618A0 /* Debug */,
				CCB99280230A784A00B618A0 /* Release */,
			);
			defaultConfigurationIsVisible = 0;
			defaultConfigurationName = Release;
		};
/* End XCConfigurationList section */
	};
	rootObject = CCB99253230A772E00B618A0 /* Project object */;
}
